
Microsoft Visual Studio Solution File, Format Version 12.00
# Visual Studio Version 17
VisualStudioVersion = 17.10.35122.118
MinimumVisualStudioVersion = 10.0.40219.1
Project("{FAE04EC0-301F-11D3-BF4B-00C04F79EFBC}") = "DiaryApp", "DiaryApp\DiaryApp.csproj", "{F10846C6-E164-4024-9815-8849B2BE5139}"
EndProject
Global
	GlobalSection(SolutionConfigurationPlatforms) = preSolution
		Debug|Any CPU = Debug|Any CPU
		Release|Any CPU = Release|Any CPU
	EndGlobalSection
	GlobalSection(ProjectConfigurationPlatforms) = postSolution
		{F10846C6-E164-4024-9815-8849B2BE5139}.Debug|Any CPU.ActiveCfg = Debug|Any CPU
		{F10846C6-E164-4024-9815-8849B2BE5139}.Debug|Any CPU.Build.0 = Debug|Any CPU
		{F10846C6-E164-4024-9815-8849B2BE5139}.Release|Any CPU.ActiveCfg = Release|Any CPU
		{F10846C6-E164-4024-9815-8849B2BE5139}.Release|Any CPU.Build.0 = Release|Any CPU
	EndGlobalSection
	GlobalSection(SolutionProperties) = preSolution
		HideSolutionNode = FALSE
	EndGlobalSection
	GlobalSection(ExtensibilityGlobals) = postSolution
		SolutionGuid = {5E298733-FA88-46FC-930B-6E4CCD4E0723}
	EndGlobalSection
EndGlobal
